
Microsoft Visual Studio Solution File, Format Version 12.00
# Visual Studio Version 17
VisualStudioVersion = 17.14.37012.4 d17.14
MinimumVisualStudioVersion = 10.0.40219.1
Project("{FAE04EC0-301F-11D3-BF4B-00C04F79EFBC}") = "MyQuizApp", "MyQuizApp\MyQuizApp.csproj", "{E2DC51E5-50A0-4468-BA66-E88C0363836F}"
EndProject
Global
	GlobalSection(SolutionConfigurationPlatforms) = preSolution
		Debug|Any CPU = Debug|Any CPU
		Release|Any CPU = Release|Any CPU
	EndGlobalSection
	GlobalSection(ProjectConfigurationPlatforms) = postSolution
		{E2DC51E5-50A0-4468-BA66-E88C0363836F}.Debug|Any CPU.ActiveCfg = Debug|Any CPU
		{E2DC51E5-50A0-4468-BA66-E88C0363836F}.Debug|Any CPU.Build.0 = Debug|Any CPU
		{E2DC51E5-50A0-4468-BA66-E88C0363836F}.Release|Any CPU.ActiveCfg = Release|Any CPU
		{E2DC51E5-50A0-4468-BA66-E88C0363836F}.Release|Any CPU.Build.0 = Release|Any CPU
	EndGlobalSection
	GlobalSection(SolutionProperties) = preSolution
		HideSolutionNode = FALSE
	EndGlobalSection
	GlobalSection(ExtensibilityGlobals) = postSolution
		SolutionGuid = {A0832596-F899-48B7-A6E6-4B164EF75F63}
	EndGlobalSection
EndGlobal
